
Microsoft Visual Studio Solution File, Format Version 12.00
# Visual Studio Version 17
VisualStudioVersion = 17.3.32901.215
MinimumVisualStudioVersion = 10.0.40219.1
Project("{FAE04EC0-301F-11D3-BF4B-00C04F79EFBC}") = "P2_2_1214066", "P2_2_1214066\P2_2_1214066.csproj", "{8C46C90D-F259-4417-B403-32E3B87A806C}"
EndProject
Global
	GlobalSection(SolutionConfigurationPlatforms) = preSolution
		Debug|Any CPU = Debug|Any CPU
		Release|Any CPU = Release|Any CPU
	EndGlobalSection
	GlobalSection(ProjectConfigurationPlatforms) = postSolution
		{8C46C90D-F259-4417-B403-32E3B87A806C}.Debug|Any CPU.ActiveCfg = Debug|Any CPU
		{8C46C90D-F259-4417-B403-32E3B87A806C}.Debug|Any CPU.Build.0 = Debug|Any CPU
		{8C46C90D-F259-4417-B403-32E3B87A806C}.Release|Any CPU.ActiveCfg = Release|Any CPU
		{8C46C90D-F259-4417-B403-32E3B87A806C}.Release|Any CPU.Build.0 = Release|Any CPU
	EndGlobalSection
	GlobalSection(SolutionProperties) = preSolution
		HideSolutionNode = FALSE
	EndGlobalSection
	GlobalSection(ExtensibilityGlobals) = postSolution
		SolutionGuid = {9D5853A5-BB98-4D17-8D22-5BFACA75FE19}
	EndGlobalSection
EndGlobal
